{
  "nodes": {
    "clipse-gui": {
      "inputs": {
        "clipse-gui": "clipse-gui_2",
        "flake-utils": "flake-utils",
        "nixpkgs": [
          "nixpkgs"
        ]
      },
      "locked": {
        "path": "./clipse-gui",
        "type": "path"
      },
      "original": {
        "path": "./clipse-gui",
        "type": "path"
      },
      "parent": []
    },
    "clipse-gui_2": {
      "flake": false,
      "locked": {
        "lastModified": 1756775642,
        "narHash": "sha256-7f3b1f320WZuyLKXJNbXkzsTJctmojBe9PKyxxmJ1gk=",
        "owner": "d7omdev",
        "repo": "clipse-gui",
        "rev": "c01e81ea2bd644322c8c3f092f6c7dfd084530d8",
        "type": "github"
      },
      "original": {
        "owner": "d7omdev",
        "repo": "clipse-gui",
        "type": "github"
      }
    },
    "flake-compat": {
      "flake": false,
      "locked": {
        "lastModified": 1747046372,
        "narHash": "sha256-CIVLLkVgvHYbgI2UpXvIIBJ12HWgX+fjA8Xf8PUmqCY=",
        "owner": "edolstra",
        "repo": "flake-compat",
        "rev": "9100a0f413b0c601e0533d1d94ffd501ce2e7885",
        "type": "github"
      },
      "original": {
        "owner": "edolstra",
        "repo": "flake-compat",
        "type": "github"
      }
    },
    "flake-compat_2": {
      "flake": false,
      "locked": {
        "lastModified": 1747046372,
        "narHash": "sha256-CIVLLkVgvHYbgI2UpXvIIBJ12HWgX+fjA8Xf8PUmqCY=",
        "owner": "edolstra",
        "repo": "flake-compat",
        "rev": "9100a0f413b0c601e0533d1d94ffd501ce2e7885",
        "type": "github"
      },
      "original": {
        "owner": "edolstra",
        "repo": "flake-compat",
        "type": "github"
      }
    },
    "flake-compat_3": {
      "flake": false,
      "locked": {
        "lastModified": 1747046372,
        "narHash": "sha256-CIVLLkVgvHYbgI2UpXvIIBJ12HWgX+fjA8Xf8PUmqCY=",
        "owner": "edolstra",
        "repo": "flake-compat",
        "rev": "9100a0f413b0c601e0533d1d94ffd501ce2e7885",
        "type": "github"
      },
      "original": {
        "owner": "edolstra",
        "repo": "flake-compat",
        "type": "github"
      }
    },
    "flake-parts": {
      "inputs": {
        "nixpkgs-lib": [
          "neovim",
          "neovim-nightly-overlay",
          "nixpkgs"
        ]
      },
      "locked": {
        "lastModified": 1754487366,
        "narHash": "sha256-pHYj8gUBapuUzKV/kN/tR3Zvqc7o6gdFB9XKXIp1SQ8=",
        "owner": "hercules-ci",
        "repo": "flake-parts",
        "rev": "af66ad14b28a127c5c0f3bbb298218fc63528a18",
        "type": "github"
      },
      "original": {
        "owner": "hercules-ci",
        "repo": "flake-parts",
        "type": "github"
      }
    },
    "flake-parts_2": {
      "inputs": {
        "nixpkgs-lib": [
          "neovim",
          "neovim-nightly-overlay",
          "hercules-ci-effects",
          "nixpkgs"
        ]
      },
      "locked": {
        "lastModified": 1754487366,
        "narHash": "sha256-pHYj8gUBapuUzKV/kN/tR3Zvqc7o6gdFB9XKXIp1SQ8=",
        "owner": "hercules-ci",
        "repo": "flake-parts",
        "rev": "af66ad14b28a127c5c0f3bbb298218fc63528a18",
        "type": "github"
      },
      "original": {
        "id": "flake-parts",
        "type": "indirect"
      }
    },
    "flake-utils": {
      "inputs": {
        "systems": "systems"
      },
      "locked": {
        "lastModified": 1731533236,
        "narHash": "sha256-l0KFg5HjrsfsO/JpG+r7fRrqm12kzFHyUHqHCVpMMbI=",
        "owner": "numtide",
        "repo": "flake-utils",
        "rev": "11707dc2f618dd54ca8739b309ec4fc024de578b",
        "type": "github"
      },
      "original": {
        "owner": "numtide",
        "repo": "flake-utils",
        "type": "github"
      }
    },
    "git-hooks": {
      "inputs": {
        "flake-compat": "flake-compat_2",
        "gitignore": "gitignore",
        "nixpkgs": [
          "neovim",
          "neovim-nightly-overlay",
          "nixpkgs"
        ]
      },
      "locked": {
        "lastModified": 1755960406,
        "narHash": "sha256-RF7j6C1TmSTK9tYWO6CdEMtg6XZaUKcvZwOCD2SICZs=",
        "owner": "cachix",
        "repo": "git-hooks.nix",
        "rev": "e891a93b193fcaf2fc8012d890dc7f0befe86ec2",
        "type": "github"
      },
      "original": {
        "owner": "cachix",
        "repo": "git-hooks.nix",
        "type": "github"
      }
    },
    "gitignore": {
      "inputs": {
        "nixpkgs": [
          "neovim",
          "neovim-nightly-overlay",
          "git-hooks",
          "nixpkgs"
        ]
      },
      "locked": {
        "lastModified": 1709087332,
        "narHash": "sha256-HG2cCnktfHsKV0s4XW83gU3F57gaTljL9KNSuG6bnQs=",
        "owner": "hercules-ci",
        "repo": "gitignore.nix",
        "rev": "637db329424fd7e46cf4185293b9cc8c88c95394",
        "type": "github"
      },
      "original": {
        "owner": "hercules-ci",
        "repo": "gitignore.nix",
        "type": "github"
      }
    },
    "hercules-ci-effects": {
      "inputs": {
        "flake-parts": "flake-parts_2",
        "nixpkgs": [
          "neovim",
          "neovim-nightly-overlay",
          "nixpkgs"
        ]
      },
      "locked": {
        "lastModified": 1755233722,
        "narHash": "sha256-AavrbMltJKcC2Fx0lfJoZfmy7g87ebXU0ddVenhajLA=",
        "owner": "hercules-ci",
        "repo": "hercules-ci-effects",
        "rev": "99e03e72e3f7e13506f80ef9ebaedccb929d84d0",
        "type": "github"
      },
      "original": {
        "owner": "hercules-ci",
        "repo": "hercules-ci-effects",
        "type": "github"
      }
    },
    "home-manager": {
      "inputs": {
        "nixpkgs": [
          "nixpkgs"
        ]
      },
      "locked": {
        "lastModified": 1756022458,
        "narHash": "sha256-J1i35r4HfNDdPpwL0vOBaZopQudAUVtartEerc1Jryc=",
        "owner": "nix-community",
        "repo": "home-manager",
        "rev": "9e3a33c0bcbc25619e540b9dfea372282f8a9740",
        "type": "github"
      },
      "original": {
        "owner": "nix-community",
        "repo": "home-manager",
        "type": "github"
      }
    },
    "neovim": {
      "inputs": {
        "neovim-nightly-overlay": "neovim-nightly-overlay",
        "nixpkgs": [
          "nixpkgs"
        ]
      },
      "locked": {
        "lastModified": 1756434926,
        "narHash": "sha256-dFbASakBufSgjVrkKIBmYLbXYH5H1uOIfUiwzs3Bgqg=",
        "owner": "lotgenoot141",
        "repo": "neovim-config",
        "rev": "48210d61765d2aada62f13593eddfaaff86f6448",
        "type": "github"
      },
      "original": {
        "owner": "lotgenoot141",
        "repo": "neovim-config",
        "type": "github"
      }
    },
    "neovim-nightly-overlay": {
      "inputs": {
        "flake-compat": "flake-compat",
        "flake-parts": "flake-parts",
        "git-hooks": "git-hooks",
        "hercules-ci-effects": "hercules-ci-effects",
        "neovim-src": "neovim-src",
        "nixpkgs": [
          "neovim",
          "nixpkgs"
        ],
        "treefmt-nix": "treefmt-nix"
      },
      "locked": {
        "lastModified": 1756339591,
        "narHash": "sha256-2UQrDxTrr9FTzyWPsUAKpkAEWipl3oW4cf+WD+tBS3E=",
        "owner": "nix-community",
        "repo": "neovim-nightly-overlay",
        "rev": "0e23f4c26e5e711f09a634e804b0b5002ecaa46f",
        "type": "github"
      },
      "original": {
        "owner": "nix-community",
        "repo": "neovim-nightly-overlay",
        "type": "github"
      }
    },
    "neovim-src": {
      "flake": false,
      "locked": {
        "lastModified": 1756337722,
        "narHash": "sha256-Kh6FRSmWm3S7a1k0Uje/PquFVA5V+8MVfw+jicWwRuc=",
        "owner": "neovim",
        "repo": "neovim",
        "rev": "24020ef2dd3daffa56af0eff5e6c2ed82af80335",
        "type": "github"
      },
      "original": {
        "owner": "neovim",
        "repo": "neovim",
        "type": "github"
      }
    },
    "nixpkgs": {
      "locked": {
        "lastModified": 1755615617,
        "narHash": "sha256-HMwfAJBdrr8wXAkbGhtcby1zGFvs+StOp19xNsbqdOg=",
        "owner": "NixOS",
        "repo": "nixpkgs",
        "rev": "20075955deac2583bb12f07151c2df830ef346b4",
        "type": "github"
      },
      "original": {
        "owner": "NixOS",
        "ref": "nixos-unstable",
        "repo": "nixpkgs",
        "type": "github"
      }
    },
    "nixpkgs_2": {
      "locked": {
        "lastModified": 1748460289,
        "narHash": "sha256-7doLyJBzCllvqX4gszYtmZUToxKvMUrg45EUWaUYmBg=",
        "owner": "NixOS",
        "repo": "nixpkgs",
        "rev": "96ec055edbe5ee227f28cdbc3f1ddf1df5965102",
        "type": "github"
      },
      "original": {
        "owner": "NixOS",
        "ref": "nixos-unstable",
        "repo": "nixpkgs",
        "type": "github"
      }
    },
    "root": {
      "inputs": {
        "clipse-gui": "clipse-gui",
        "home-manager": "home-manager",
        "neovim": "neovim",
        "nixpkgs": "nixpkgs",
        "waybar": "waybar"
      }
    },
    "systems": {
      "locked": {
        "lastModified": 1681028828,
        "narHash": "sha256-Vy1rq5AaRuLzOxct8nz4T6wlgyUR7zLU309k9mBC768=",
        "owner": "nix-systems",
        "repo": "default",
        "rev": "da67096a3b9bf56a91d16901293e51ba5b49a27e",
        "type": "github"
      },
      "original": {
        "owner": "nix-systems",
        "repo": "default",
        "type": "github"
      }
    },
    "treefmt-nix": {
      "inputs": {
        "nixpkgs": [
          "neovim",
          "neovim-nightly-overlay",
          "nixpkgs"
        ]
      },
      "locked": {
        "lastModified": 1755934250,
        "narHash": "sha256-CsDojnMgYsfshQw3t4zjRUkmMmUdZGthl16bXVWgRYU=",
        "owner": "numtide",
        "repo": "treefmt-nix",
        "rev": "74e1a52d5bd9430312f8d1b8b0354c92c17453e5",
        "type": "github"
      },
      "original": {
        "owner": "numtide",
        "repo": "treefmt-nix",
        "type": "github"
      }
    },
    "waybar": {
      "inputs": {
        "flake-compat": "flake-compat_3",
        "nixpkgs": "nixpkgs_2"
      },
      "locked": {
        "lastModified": 1750662648,
        "narHash": "sha256-KfWjYDqJf2jNmYAnmV7EQHweMObEBreUc2G7/LpvvC0=",
        "owner": "Alexays",
        "repo": "Waybar",
        "rev": "0fcda9afa519eb84deda68c051f7938a6c6bdbce",
        "type": "github"
      },
      "original": {
        "owner": "Alexays",
        "ref": "0.13.0",
        "repo": "Waybar",
        "type": "github"
      }
    }
  },
  "root": "root",
  "version": 7
}
